
Microsoft Visual Studio Solution File, Format Version 12.00
# Visual Studio 15
VisualStudioVersion = 15.0.28307.329
MinimumVisualStudioVersion = 10.0.40219.1
Project("{FAE04EC0-301F-11D3-BF4B-00C04F79EFBC}") = "FileStream_StreamReader", "ConsoleApp8\FileStream_StreamReader.csproj", "{97E575D6-FE80-4A15-853D-EC5B00639FBB}"
EndProject
Global
	GlobalSection(SolutionConfigurationPlatforms) = preSolution
		Debug|Any CPU = Debug|Any CPU
		Release|Any CPU = Release|Any CPU
	EndGlobalSection
	GlobalSection(ProjectConfigurationPlatforms) = postSolution
		{97E575D6-FE80-4A15-853D-EC5B00639FBB}.Debug|Any CPU.ActiveCfg = Debug|Any CPU
		{97E575D6-FE80-4A15-853D-EC5B00639FBB}.Debug|Any CPU.Build.0 = Debug|Any CPU
		{97E575D6-FE80-4A15-853D-EC5B00639FBB}.Release|Any CPU.ActiveCfg = Release|Any CPU
		{97E575D6-FE80-4A15-853D-EC5B00639FBB}.Release|Any CPU.Build.0 = Release|Any CPU
	EndGlobalSection
	GlobalSection(SolutionProperties) = preSolution
		HideSolutionNode = FALSE
	EndGlobalSection
	GlobalSection(ExtensibilityGlobals) = postSolution
		SolutionGuid = {89366844-6A85-4E67-9623-BA2384A5F8A0}
	EndGlobalSection
EndGlobal
