
Microsoft Visual Studio Solution File, Format Version 12.00
# Visual Studio 15
VisualStudioVersion = 15.0.28307.329
MinimumVisualStudioVersion = 10.0.40219.1
Project("{FAE04EC0-301F-11D3-BF4B-00C04F79EFBC}") = "Curso_Files", "Curso_Files\Curso_Files.csproj", "{335C4B08-F7B7-4DAF-80D8-6FC5E4A777CE}"
EndProject
Global
	GlobalSection(SolutionConfigurationPlatforms) = preSolution
		Debug|Any CPU = Debug|Any CPU
		Release|Any CPU = Release|Any CPU
	EndGlobalSection
	GlobalSection(ProjectConfigurationPlatforms) = postSolution
		{335C4B08-F7B7-4DAF-80D8-6FC5E4A777CE}.Debug|Any CPU.ActiveCfg = Debug|Any CPU
		{335C4B08-F7B7-4DAF-80D8-6FC5E4A777CE}.Debug|Any CPU.Build.0 = Debug|Any CPU
		{335C4B08-F7B7-4DAF-80D8-6FC5E4A777CE}.Release|Any CPU.ActiveCfg = Release|Any CPU
		{335C4B08-F7B7-4DAF-80D8-6FC5E4A777CE}.Release|Any CPU.Build.0 = Release|Any CPU
	EndGlobalSection
	GlobalSection(SolutionProperties) = preSolution
		HideSolutionNode = FALSE
	EndGlobalSection
	GlobalSection(ExtensibilityGlobals) = postSolution
		SolutionGuid = {D23627E4-101F-4BD5-A396-984AD5932341}
	EndGlobalSection
EndGlobal
