
Microsoft Visual Studio Solution File, Format Version 12.00
# Visual Studio 15
VisualStudioVersion = 15.0.28307.329
MinimumVisualStudioVersion = 10.0.40219.1
Project("{FAE04EC0-301F-11D3-BF4B-00C04F79EFBC}") = "Matriz", "ConsoleApp4\Matriz.csproj", "{F120B651-C138-4EB5-8845-6037376097F1}"
EndProject
Global
	GlobalSection(SolutionConfigurationPlatforms) = preSolution
		Debug|Any CPU = Debug|Any CPU
		Release|Any CPU = Release|Any CPU
	EndGlobalSection
	GlobalSection(ProjectConfigurationPlatforms) = postSolution
		{F120B651-C138-4EB5-8845-6037376097F1}.Debug|Any CPU.ActiveCfg = Debug|Any CPU
		{F120B651-C138-4EB5-8845-6037376097F1}.Debug|Any CPU.Build.0 = Debug|Any CPU
		{F120B651-C138-4EB5-8845-6037376097F1}.Release|Any CPU.ActiveCfg = Release|Any CPU
		{F120B651-C138-4EB5-8845-6037376097F1}.Release|Any CPU.Build.0 = Release|Any CPU
	EndGlobalSection
	GlobalSection(SolutionProperties) = preSolution
		HideSolutionNode = FALSE
	EndGlobalSection
	GlobalSection(ExtensibilityGlobals) = postSolution
		SolutionGuid = {789B13BC-98FB-4339-9294-306370B9239A}
	EndGlobalSection
EndGlobal
